
Microsoft Visual Studio Solution File, Format Version 12.00
# Visual Studio Version 17
VisualStudioVersion = 17.12.35527.113
MinimumVisualStudioVersion = 10.0.40219.1
Project("{FAE04EC0-301F-11D3-BF4B-00C04F79EFBC}") = "ToDoList", "ToDoList\ToDoList.csproj", "{233A39C2-19CA-4132-8AAE-BD04A1B5555D}"
EndProject
Project("{FAE04EC0-301F-11D3-BF4B-00C04F79EFBC}") = "playground", "playground\playground.csproj", "{1E1CF379-6E40-472B-856D-D51B552AE310}"
EndProject
Project("{FAE04EC0-301F-11D3-BF4B-00C04F79EFBC}") = "ExcelXMLConverter", "ExcelXMLConverter\ExcelXMLConverter.csproj", "{5B9544AD-2CD8-467D-ABB0-59470161B529}"
EndProject
Project("{FAE04EC0-301F-11D3-BF4B-00C04F79EFBC}") = "SudokuSolver", "SudokuSolver\SudokuSolver.csproj", "{A1A87712-5C1C-46A6-A068-C282981601A7}"
EndProject
Global
	GlobalSection(SolutionConfigurationPlatforms) = preSolution
		Debug|Any CPU = Debug|Any CPU
		Release|Any CPU = Release|Any CPU
	EndGlobalSection
	GlobalSection(ProjectConfigurationPlatforms) = postSolution
		{233A39C2-19CA-4132-8AAE-BD04A1B5555D}.Debug|Any CPU.ActiveCfg = Debug|Any CPU
		{233A39C2-19CA-4132-8AAE-BD04A1B5555D}.Debug|Any CPU.Build.0 = Debug|Any CPU
		{233A39C2-19CA-4132-8AAE-BD04A1B5555D}.Release|Any CPU.ActiveCfg = Release|Any CPU
		{233A39C2-19CA-4132-8AAE-BD04A1B5555D}.Release|Any CPU.Build.0 = Release|Any CPU
		{1E1CF379-6E40-472B-856D-D51B552AE310}.Debug|Any CPU.ActiveCfg = Debug|Any CPU
		{1E1CF379-6E40-472B-856D-D51B552AE310}.Debug|Any CPU.Build.0 = Debug|Any CPU
		{1E1CF379-6E40-472B-856D-D51B552AE310}.Release|Any CPU.ActiveCfg = Release|Any CPU
		{1E1CF379-6E40-472B-856D-D51B552AE310}.Release|Any CPU.Build.0 = Release|Any CPU
		{5B9544AD-2CD8-467D-ABB0-59470161B529}.Debug|Any CPU.ActiveCfg = Debug|Any CPU
		{5B9544AD-2CD8-467D-ABB0-59470161B529}.Debug|Any CPU.Build.0 = Debug|Any CPU
		{5B9544AD-2CD8-467D-ABB0-59470161B529}.Release|Any CPU.ActiveCfg = Release|Any CPU
		{5B9544AD-2CD8-467D-ABB0-59470161B529}.Release|Any CPU.Build.0 = Release|Any CPU
		{A1A87712-5C1C-46A6-A068-C282981601A7}.Debug|Any CPU.ActiveCfg = Debug|Any CPU
		{A1A87712-5C1C-46A6-A068-C282981601A7}.Debug|Any CPU.Build.0 = Debug|Any CPU
		{A1A87712-5C1C-46A6-A068-C282981601A7}.Release|Any CPU.ActiveCfg = Release|Any CPU
		{A1A87712-5C1C-46A6-A068-C282981601A7}.Release|Any CPU.Build.0 = Release|Any CPU
	EndGlobalSection
	GlobalSection(SolutionProperties) = preSolution
		HideSolutionNode = FALSE
	EndGlobalSection
EndGlobal
